// !$*UTF8*$!
{
	archiveVersion = 1;
	classes = {
	};
	objectVersion = 77;
	objects = {

/* Begin PBXContainerItemProxy section */
		0E7F7FA12EB530820058D8F7 /* PBXContainerItemProxy */ = {
			isa = PBXContainerItemProxy;
			containerPortal = 0E7F7F882EB530810058D8F7 /* Project object */;
			proxyType = 1;
			remoteGlobalIDString = 0E7F7F8F2EB530810058D8F7;
			remoteInfo = "Class 1_4";
		};
		0E7F7FAB2EB530830058D8F7 /* PBXContainerItemProxy */ = {
			isa = PBXContainerItemProxy;
			containerPortal = 0E7F7F882EB530810058D8F7 /* Project object */;
			proxyType = 1;
			remoteGlobalIDString = 0E7F7F8F2EB530810058D8F7;
			remoteInfo = "Class 1_4";
		};
/* End PBXContainerItemProxy section */

/* Begin PBXFileReference section */
		0E7F7F902EB530810058D8F7 /* Class 1_4.app */ = {isa = PBXFileReference; explicitFileType = wrapper.application; includeInIndex = 0; path = "Class 1_4.app"; sourceTree = BUILT_PRODUCTS_DIR; };
		0E7F7FA02EB530820058D8F7 /* Class 1_4Tests.xctest */ = {isa = PBXFileReference; explicitFileType = wrapper.cfbundle; includeInIndex = 0; path = "Class 1_4Tests.xctest"; sourceTree = BUILT_PRODUCTS_DIR; };
		0E7F7FAA2EB530830058D8F7 /* Class 1_4UITests.xctest */ = {isa = PBXFileReference; explicitFileType = wrapper.cfbundle; includeInIndex = 0; path = "Class 1_4UITests.xctest"; sourceTree = BUILT_PRODUCTS_DIR; };
/* End PBXFileReference section */

/* Begin PBXFileSystemSynchronizedRootGroup section */
		0E7F7F922EB530810058D8F7 /* Class 1_4 */ = {
			isa = PBXFileSystemSynchronizedRootGroup;
			path = "Class 1_4";
			sourceTree = "<group>";
		};
		0E7F7FA32EB530830058D8F7 /* Class 1_4Tests */ = {
			isa = PBXFileSystemSynchronizedRootGroup;
			path = "Class 1_4Tests";
			sourceTree = "<group>";
		};
		0E7F7FAD2EB530830058D8F7 /* Class 1_4UITests */ = {
			isa = PBXFileSystemSynchronizedRootGroup;
			path = "Class 1_4UITests";
			sourceTree = "<group>";
		};
/* End PBXFileSystemSynchronizedRootGroup section */

/* Begin PBXFrameworksBuildPhase section */
		0E7F7F8D2EB530810058D8F7 /* Frameworks */ = {
			isa = PBXFrameworksBuildPhase;
			buildActionMask = 2147483647;
			files = (
			);
			runOnlyForDeploymentPostprocessing = 0;
		};
		0E7F7F9D2EB530820058D8F7 /* Frameworks */ = {
			isa = PBXFrameworksBuildPhase;
			buildActionMask = 2147483647;
			files = (
			);
			runOnlyForDeploymentPostprocessing = 0;
		};
		0E7F7FA72EB530830058D8F7 /* Frameworks */ = {
			isa = PBXFrameworksBuildPhase;
			buildActionMask = 2147483647;
			files = (
			);
			runOnlyForDeploymentPostprocessing = 0;
		};
/* End PBXFrameworksBuildPhase section */

/* Begin PBXGroup section */
		0E7F7F872EB530810058D8F7 = {
			isa = PBXGroup;
			children = (
				0E7F7F922EB530810058D8F7 /* Class 1_4 */,
				0E7F7FA32EB530830058D8F7 /* Class 1_4Tests */,
				0E7F7FAD2EB530830058D8F7 /* Class 1_4UITests */,
				0E7F7F912EB530810058D8F7 /* Products */,
			);
			sourceTree = "<group>";
		};
		0E7F7F912EB530810058D8F7 /* Products */ = {
			isa = PBXGroup;
			children = (
				0E7F7F902EB530810058D8F7 /* Class 1_4.app */,
				0E7F7FA02EB530820058D8F7 /* Class 1_4Tests.xctest */,
				0E7F7FAA2EB530830058D8F7 /* Class 1_4UITests.xctest */,
			);
			name = Products;
			sourceTree = "<group>";
		};
/* End PBXGroup section */

/* Begin PBXNativeTarget section */
		0E7F7F8F2EB530810058D8F7 /* Class 1_4 */ = {
			isa = PBXNativeTarget;
			buildConfigurationList = 0E7F7FB42EB530830058D8F7 /* Build configuration list for PBXNativeTarget "Class 1_4" */;
			buildPhases = (
				0E7F7F8C2EB530810058D8F7 /* Sources */,
				0E7F7F8D2EB530810058D8F7 /* Frameworks */,
				0E7F7F8E2EB530810058D8F7 /* Resources */,
			);
			buildRules = (
			);
			dependencies = (
			);
			fileSystemSynchronizedGroups = (
				0E7F7F922EB530810058D8F7 /* Class 1_4 */,
			);
			name = "Class 1_4";
			packageProductDependencies = (
			);
			productName = "Class 1_4";
			productReference = 0E7F7F902EB530810058D8F7 /* Class 1_4.app */;
			productType = "com.apple.product-type.application";
		};
		0E7F7F9F2EB530820058D8F7 /* Class 1_4Tests */ = {
			isa = PBXNativeTarget;
			buildConfigurationList = 0E7F7FB72EB530830058D8F7 /* Build configuration list for PBXNativeTarget "Class 1_4Tests" */;
			buildPhases = (
				0E7F7F9C2EB530820058D8F7 /* Sources */,
				0E7F7F9D2EB530820058D8F7 /* Frameworks */,
				0E7F7F9E2EB530820058D8F7 /* Resources */,
			);
			buildRules = (
			);
			dependencies = (
				0E7F7FA22EB530820058D8F7 /* PBXTargetDependency */,
			);
			fileSystemSynchronizedGroups = (
				0E7F7FA32EB530830058D8F7 /* Class 1_4Tests */,
			);
			name = "Class 1_4Tests";
			packageProductDependencies = (
			);
			productName = "Class 1_4Tests";
			productReference = 0E7F7FA02EB530820058D8F7 /* Class 1_4Tests.xctest */;
			productType = "com.apple.product-type.bundle.unit-test";
		};
		0E7F7FA92EB530830058D8F7 /* Class 1_4UITests */ = {
			isa = PBXNativeTarget;
			buildConfigurationList = 0E7F7FBA2EB530830058D8F7 /* Build configuration list for PBXNativeTarget "Class 1_4UITests" */;
			buildPhases = (
				0E7F7FA62EB530830058D8F7 /* Sources */,
				0E7F7FA72EB530830058D8F7 /* Frameworks */,
				0E7F7FA82EB530830058D8F7 /* Resources */,
			);
			buildRules = (
			);
			dependencies = (
				0E7F7FAC2EB530830058D8F7 /* PBXTargetDependency */,
			);
			fileSystemSynchronizedGroups = (
				0E7F7FAD2EB530830058D8F7 /* Class 1_4UITests */,
			);
			name = "Class 1_4UITests";
			packageProductDependencies = (
			);
			productName = "Class 1_4UITests";
			productReference = 0E7F7FAA2EB530830058D8F7 /* Class 1_4UITests.xctest */;
			productType = "com.apple.product-type.bundle.ui-testing";
		};
/* End PBXNativeTarget section */

/* Begin PBXProject section */
		0E7F7F882EB530810058D8F7 /* Project object */ = {
			isa = PBXProject;
			attributes = {
				BuildIndependentTargetsInParallel = 1;
				LastSwiftUpdateCheck = 1620;
				LastUpgradeCheck = 1620;
				TargetAttributes = {
					0E7F7F8F2EB530810058D8F7 = {
						CreatedOnToolsVersion = 16.2;
					};
					0E7F7F9F2EB530820058D8F7 = {
						CreatedOnToolsVersion = 16.2;
						TestTargetID = 0E7F7F8F2EB530810058D8F7;
					};
					0E7F7FA92EB530830058D8F7 = {
						CreatedOnToolsVersion = 16.2;
						TestTargetID = 0E7F7F8F2EB530810058D8F7;
					};
				};
			};
			buildConfigurationList = 0E7F7F8B2EB530810058D8F7 /* Build configuration list for PBXProject "Class 1_4" */;
			developmentRegion = en;
			hasScannedForEncodings = 0;
			knownRegions = (
				en,
				Base,
			);
			mainGroup = 0E7F7F872EB530810058D8F7;
			minimizedProjectReferenceProxies = 1;
			preferredProjectObjectVersion = 77;
			productRefGroup = 0E7F7F912EB530810058D8F7 /* Products */;
			projectDirPath = "";
			projectRoot = "";
			targets = (
				0E7F7F8F2EB530810058D8F7 /* Class 1_4 */,
				0E7F7F9F2EB530820058D8F7 /* Class 1_4Tests */,
				0E7F7FA92EB530830058D8F7 /* Class 1_4UITests */,
			);
		};
/* End PBXProject section */

/* Begin PBXResourcesBuildPhase section */
		0E7F7F8E2EB530810058D8F7 /* Resources */ = {
			isa = PBXResourcesBuildPhase;
			buildActionMask = 2147483647;
			files = (
			);
			runOnlyForDeploymentPostprocessing = 0;
		};
		0E7F7F9E2EB530820058D8F7 /* Resources */ = {
			isa = PBXResourcesBuildPhase;
			buildActionMask = 2147483647;
			files = (
			);
			runOnlyForDeploymentPostprocessing = 0;
		};
		0E7F7FA82EB530830058D8F7 /* Resources */ = {
			isa = PBXResourcesBuildPhase;
			buildActionMask = 2147483647;
			files = (
			);
			runOnlyForDeploymentPostprocessing = 0;
		};
/* End PBXResourcesBuildPhase section */

/* Begin PBXSourcesBuildPhase section */
		0E7F7F8C2EB530810058D8F7 /* Sources */ = {
			isa = PBXSourcesBuildPhase;
			buildActionMask = 2147483647;
			files = (
			);
			runOnlyForDeploymentPostprocessing = 0;
		};
		0E7F7F9C2EB530820058D8F7 /* Sources */ = {
			isa = PBXSourcesBuildPhase;
			buildActionMask = 2147483647;
			files = (
			);
			runOnlyForDeploymentPostprocessing = 0;
		};
		0E7F7FA62EB530830058D8F7 /* Sources */ = {
			isa = PBXSourcesBuildPhase;
			buildActionMask = 2147483647;
			files = (
			);
			runOnlyForDeploymentPostprocessing = 0;
		};
/* End PBXSourcesBuildPhase section */

/* Begin PBXTargetDependency section */
		0E7F7FA22EB530820058D8F7 /* PBXTargetDependency */ = {
			isa = PBXTargetDependency;
			target = 0E7F7F8F2EB530810058D8F7 /* Class 1_4 */;
			targetProxy = 0E7F7FA12EB530820058D8F7 /* PBXContainerItemProxy */;
		};
		0E7F7FAC2EB530830058D8F7 /* PBXTargetDependency */ = {
			isa = PBXTargetDependency;
			target = 0E7F7F8F2EB530810058D8F7 /* Class 1_4 */;
			targetProxy = 0E7F7FAB2EB530830058D8F7 /* PBXContainerItemProxy */;
		};
/* End PBXTargetDependency section */

/* Begin XCBuildConfiguration section */
		0E7F7FB22EB530830058D8F7 /* Debug */ = {
			isa = XCBuildConfiguration;
			buildSettings = {
				ALWAYS_SEARCH_USER_PATHS = NO;
				ASSETCATALOG_COMPILER_GENERATE_SWIFT_ASSET_SYMBOL_EXTENSIONS = YES;
				CLANG_ANALYZER_NONNULL = YES;
				CLANG_ANALYZER_NUMBER_OBJECT_CONVERSION = YES_AGGRESSIVE;
				CLANG_CXX_LANGUAGE_STANDARD = "gnu++20";
				CLANG_ENABLE_MODULES = YES;
				CLANG_ENABLE_OBJC_ARC = YES;
				CLANG_ENABLE_OBJC_WEAK = YES;
				CLANG_WARN_BLOCK_CAPTURE_AUTORELEASING = YES;
				CLANG_WARN_BOOL_CONVERSION = YES;
				CLANG_WARN_COMMA = YES;
				CLANG_WARN_CONSTANT_CONVERSION = YES;
				CLANG_WARN_DEPRECATED_OBJC_IMPLEMENTATIONS = YES;
				CLANG_WARN_DIRECT_OBJC_ISA_USAGE = YES_ERROR;
				CLANG_WARN_DOCUMENTATION_COMMENTS = YES;
				CLANG_WARN_EMPTY_BODY = YES;
				CLANG_WARN_ENUM_CONVERSION = YES;
				CLANG_WARN_INFINITE_RECURSION = YES;
				CLANG_WARN_INT_CONVERSION = YES;
				CLANG_WARN_NON_LITERAL_NULL_CONVERSION = YES;
				CLANG_WARN_OBJC_IMPLICIT_RETAIN_SELF = YES;
				CLANG_WARN_OBJC_LITERAL_CONVERSION = YES;
				CLANG_WARN_OBJC_ROOT_CLASS = YES_ERROR;
				CLANG_WARN_QUOTED_INCLUDE_IN_FRAMEWORK_HEADER = YES;
				CLANG_WARN_RANGE_LOOP_ANALYSIS = YES;
				CLANG_WARN_STRICT_PROTOTYPES = YES;
				CLANG_WARN_SUSPICIOUS_MOVE = YES;
				CLANG_WARN_UNGUARDED_AVAILABILITY = YES_AGGRESSIVE;
				CLANG_WARN_UNREACHABLE_CODE = YES;
				CLANG_WARN__DUPLICATE_METHOD_MATCH = YES;
				COPY_PHASE_STRIP = NO;
				DEBUG_INFORMATION_FORMAT = dwarf;
				ENABLE_STRICT_OBJC_MSGSEND = YES;
				ENABLE_TESTABILITY = YES;
				ENABLE_USER_SCRIPT_SANDBOXING = YES;
				GCC_C_LANGUAGE_STANDARD = gnu17;
				GCC_DYNAMIC_NO_PIC = NO;
				GCC_NO_COMMON_BLOCKS = YES;
				GCC_OPTIMIZATION_LEVEL = 0;
				GCC_PREPROCESSOR_DEFINITIONS = (
					"DEBUG=1",
					"$(inherited)",
				);
				GCC_WARN_64_TO_32_BIT_CONVERSION = YES;
				GCC_WARN_ABOUT_RETURN_TYPE = YES_ERROR;
				GCC_WARN_UNDECLARED_SELECTOR = YES;
				GCC_WARN_UNINITIALIZED_AUTOS = YES_AGGRESSIVE;
				GCC_WARN_UNUSED_FUNCTION = YES;
				GCC_WARN_UNUSED_VARIABLE = YES;
				IPHONEOS_DEPLOYMENT_TARGET = 18.2;
				LOCALIZATION_PREFERS_STRING_CATALOGS = YES;
				MTL_ENABLE_DEBUG_INFO = INCLUDE_SOURCE;
				MTL_FAST_MATH = YES;
				ONLY_ACTIVE_ARCH = YES;
				SDKROOT = iphoneos;
				SWIFT_ACTIVE_COMPILATION_CONDITIONS = "DEBUG $(inherited)";
				SWIFT_OPTIMIZATION_LEVEL = "-Onone";
			};
			name = Debug;
		};
		0E7F7FB32EB530830058D8F7 /* Release */ = {
			isa = XCBuildConfiguration;
			buildSettings = {
				ALWAYS_SEARCH_USER_PATHS = NO;
				ASSETCATALOG_COMPILER_GENERATE_SWIFT_ASSET_SYMBOL_EXTENSIONS = YES;
				CLANG_ANALYZER_NONNULL = YES;
				CLANG_ANALYZER_NUMBER_OBJECT_CONVERSION = YES_AGGRESSIVE;
				CLANG_CXX_LANGUAGE_STANDARD = "gnu++20";
				CLANG_ENABLE_MODULES = YES;
				CLANG_ENABLE_OBJC_ARC = YES;
				CLANG_ENABLE_OBJC_WEAK = YES;
				CLANG_WARN_BLOCK_CAPTURE_AUTORELEASING = YES;
				CLANG_WARN_BOOL_CONVERSION = YES;
				CLANG_WARN_COMMA = YES;
				CLANG_WARN_CONSTANT_CONVERSION = YES;
				CLANG_WARN_DEPRECATED_OBJC_IMPLEMENTATIONS = YES;
				CLANG_WARN_DIRECT_OBJC_ISA_USAGE = YES_ERROR;
				CLANG_WARN_DOCUMENTATION_COMMENTS = YES;
				CLANG_WARN_EMPTY_BODY = YES;
				CLANG_WARN_ENUM_CONVERSION = YES;
				CLANG_WARN_INFINITE_RECURSION = YES;
				CLANG_WARN_INT_CONVERSION = YES;
				CLANG_WARN_NON_LITERAL_NULL_CONVERSION = YES;
				CLANG_WARN_OBJC_IMPLICIT_RETAIN_SELF = YES;
				CLANG_WARN_OBJC_LITERAL_CONVERSION = YES;
				CLANG_WARN_OBJC_ROOT_CLASS = YES_ERROR;
				CLANG_WARN_QUOTED_INCLUDE_IN_FRAMEWORK_HEADER = YES;
				CLANG_WARN_RANGE_LOOP_ANALYSIS = YES;
				CLANG_WARN_STRICT_PROTOTYPES = YES;
				CLANG_WARN_SUSPICIOUS_MOVE = YES;
				CLANG_WARN_UNGUARDED_AVAILABILITY = YES_AGGRESSIVE;
				CLANG_WARN_UNREACHABLE_CODE = YES;
				CLANG_WARN__DUPLICATE_METHOD_MATCH = YES;
				COPY_PHASE_STRIP = NO;
				DEBUG_INFORMATION_FORMAT = "dwarf-with-dsym";
				ENABLE_NS_ASSERTIONS = NO;
				ENABLE_STRICT_OBJC_MSGSEND = YES;
				ENABLE_USER_SCRIPT_SANDBOXING = YES;
				GCC_C_LANGUAGE_STANDARD = gnu17;
				GCC_NO_COMMON_BLOCKS = YES;
				GCC_WARN_64_TO_32_BIT_CONVERSION = YES;
				GCC_WARN_ABOUT_RETURN_TYPE = YES_ERROR;
				GCC_WARN_UNDECLARED_SELECTOR = YES;
				GCC_WARN_UNINITIALIZED_AUTOS = YES_AGGRESSIVE;
				GCC_WARN_UNUSED_FUNCTION = YES;
				GCC_WARN_UNUSED_VARIABLE = YES;
				IPHONEOS_DEPLOYMENT_TARGET = 18.2;
				LOCALIZATION_PREFERS_STRING_CATALOGS = YES;
				MTL_ENABLE_DEBUG_INFO = NO;
				MTL_FAST_MATH = YES;
				SDKROOT = iphoneos;
				SWIFT_COMPILATION_MODE = wholemodule;
				VALIDATE_PRODUCT = YES;
			};
			name = Release;
		};
		0E7F7FB52EB530830058D8F7 /* Debug */ = {
			isa = XCBuildConfiguration;
			buildSettings = {
				ASSETCATALOG_COMPILER_APPICON_NAME = AppIcon;
				ASSETCATALOG_COMPILER_GLOBAL_ACCENT_COLOR_NAME = AccentColor;
				CODE_SIGN_STYLE = Automatic;
				CURRENT_PROJECT_VERSION = 1;
				DEVELOPMENT_ASSET_PATHS = "\"Class 1_4/Preview Content\"";
				DEVELOPMENT_TEAM = 4W498U9PZP;
				ENABLE_PREVIEWS = YES;
				GENERATE_INFOPLIST_FILE = YES;
				INFOPLIST_KEY_UIApplicationSceneManifest_Generation = YES;
				INFOPLIST_KEY_UIApplicationSupportsIndirectInputEvents = YES;
				INFOPLIST_KEY_UILaunchScreen_Generation = YES;
				INFOPLIST_KEY_UISupportedInterfaceOrientations_iPad = "UIInterfaceOrientationPortrait UIInterfaceOrientationPortraitUpsideDown UIInterfaceOrientationLandscapeLeft UIInterfaceOrientationLandscapeRight";
				INFOPLIST_KEY_UISupportedInterfaceOrientations_iPhone = "UIInterfaceOrientationPortrait UIInterfaceOrientationLandscapeLeft UIInterfaceOrientationLandscapeRight";
				LD_RUNPATH_SEARCH_PATHS = (
					"$(inherited)",
					"@executable_path/Frameworks",
				);
				MARKETING_VERSION = 1.0;
				PRODUCT_BUNDLE_IDENTIFIER = "GSA.Class-1-4";
				PRODUCT_NAME = "$(TARGET_NAME)";
				SWIFT_EMIT_LOC_STRINGS = YES;
				SWIFT_VERSION = 5.0;
				TARGETED_DEVICE_FAMILY = "1,2";
			};
			name = Debug;
		};
		0E7F7FB62EB530830058D8F7 /* Release */ = {
			isa = XCBuildConfiguration;
			buildSettings = {
				ASSETCATALOG_COMPILER_APPICON_NAME = AppIcon;
				ASSETCATALOG_COMPILER_GLOBAL_ACCENT_COLOR_NAME = AccentColor;
				CODE_SIGN_STYLE = Automatic;
				CURRENT_PROJECT_VERSION = 1;
				DEVELOPMENT_ASSET_PATHS = "\"Class 1_4/Preview Content\"";
				DEVELOPMENT_TEAM = 4W498U9PZP;
				ENABLE_PREVIEWS = YES;
				GENERATE_INFOPLIST_FILE = YES;
				INFOPLIST_KEY_UIApplicationSceneManifest_Generation = YES;
				INFOPLIST_KEY_UIApplicationSupportsIndirectInputEvents = YES;
				INFOPLIST_KEY_UILaunchScreen_Generation = YES;
				INFOPLIST_KEY_UISupportedInterfaceOrientations_iPad = "UIInterfaceOrientationPortrait UIInterfaceOrientationPortraitUpsideDown UIInterfaceOrientationLandscapeLeft UIInterfaceOrientationLandscapeRight";
				INFOPLIST_KEY_UISupportedInterfaceOrientations_iPhone = "UIInterfaceOrientationPortrait UIInterfaceOrientationLandscapeLeft UIInterfaceOrientationLandscapeRight";
				LD_RUNPATH_SEARCH_PATHS = (
					"$(inherited)",
					"@executable_path/Frameworks",
				);
				MARKETING_VERSION = 1.0;
				PRODUCT_BUNDLE_IDENTIFIER = "GSA.Class-1-4";
				PRODUCT_NAME = "$(TARGET_NAME)";
				SWIFT_EMIT_LOC_STRINGS = YES;
				SWIFT_VERSION = 5.0;
				TARGETED_DEVICE_FAMILY = "1,2";
			};
			name = Release;
		};
		0E7F7FB82EB530830058D8F7 /* Debug */ = {
			isa = XCBuildConfiguration;
			buildSettings = {
				BUNDLE_LOADER = "$(TEST_HOST)";
				CODE_SIGN_STYLE = Automatic;
				CURRENT_PROJECT_VERSION = 1;
				DEVELOPMENT_TEAM = 4W498U9PZP;
				GENERATE_INFOPLIST_FILE = YES;
				IPHONEOS_DEPLOYMENT_TARGET = 18.2;
				MARKETING_VERSION = 1.0;
				PRODUCT_BUNDLE_IDENTIFIER = "GSA.Class-1-4Tests";
				PRODUCT_NAME = "$(TARGET_NAME)";
				SWIFT_EMIT_LOC_STRINGS = NO;
				SWIFT_VERSION = 5.0;
				TARGETED_DEVICE_FAMILY = "1,2";
				TEST_HOST = "$(BUILT_PRODUCTS_DIR)/Class 1_4.app/$(BUNDLE_EXECUTABLE_FOLDER_PATH)/Class 1_4";
			};
			name = Debug;
		};
		0E7F7FB92EB530830058D8F7 /* Release */ = {
			isa = XCBuildConfiguration;
			buildSettings = {
				BUNDLE_LOADER = "$(TEST_HOST)";
				CODE_SIGN_STYLE = Automatic;
				CURRENT_PROJECT_VERSION = 1;
				DEVELOPMENT_TEAM = 4W498U9PZP;
				GENERATE_INFOPLIST_FILE = YES;
				IPHONEOS_DEPLOYMENT_TARGET = 18.2;
				MARKETING_VERSION = 1.0;
				PRODUCT_BUNDLE_IDENTIFIER = "GSA.Class-1-4Tests";
				PRODUCT_NAME = "$(TARGET_NAME)";
				SWIFT_EMIT_LOC_STRINGS = NO;
				SWIFT_VERSION = 5.0;
				TARGETED_DEVICE_FAMILY = "1,2";
				TEST_HOST = "$(BUILT_PRODUCTS_DIR)/Class 1_4.app/$(BUNDLE_EXECUTABLE_FOLDER_PATH)/Class 1_4";
			};
			name = Release;
		};
		0E7F7FBB2EB530830058D8F7 /* Debug */ = {
			isa = XCBuildConfiguration;
			buildSettings = {
				CODE_SIGN_STYLE = Automatic;
				CURRENT_PROJECT_VERSION = 1;
				DEVELOPMENT_TEAM = 4W498U9PZP;
				GENERATE_INFOPLIST_FILE = YES;
				MARKETING_VERSION = 1.0;
				PRODUCT_BUNDLE_IDENTIFIER = "GSA.Class-1-4UITests";
				PRODUCT_NAME = "$(TARGET_NAME)";
				SWIFT_EMIT_LOC_STRINGS = NO;
				SWIFT_VERSION = 5.0;
				TARGETED_DEVICE_FAMILY = "1,2";
				TEST_TARGET_NAME = "Class 1_4";
			};
			name = Debug;
		};
		0E7F7FBC2EB530830058D8F7 /* Release */ = {
			isa = XCBuildConfiguration;
			buildSettings = {
				CODE_SIGN_STYLE = Automatic;
				CURRENT_PROJECT_VERSION = 1;
				DEVELOPMENT_TEAM = 4W498U9PZP;
				GENERATE_INFOPLIST_FILE = YES;
				MARKETING_VERSION = 1.0;
				PRODUCT_BUNDLE_IDENTIFIER = "GSA.Class-1-4UITests";
				PRODUCT_NAME = "$(TARGET_NAME)";
				SWIFT_EMIT_LOC_STRINGS = NO;
				SWIFT_VERSION = 5.0;
				TARGETED_DEVICE_FAMILY = "1,2";
				TEST_TARGET_NAME = "Class 1_4";
			};
			name = Release;
		};
/* End XCBuildConfiguration section */

/* Begin XCConfigurationList section */
		0E7F7F8B2EB530810058D8F7 /* Build configuration list for PBXProject "Class 1_4" */ = {
			isa = XCConfigurationList;
			buildConfigurations = (
				0E7F7FB22EB530830058D8F7 /* Debug */,
				0E7F7FB32EB530830058D8F7 /* Release */,
			);
			defaultConfigurationIsVisible = 0;
			defaultConfigurationName = Release;
		};
		0E7F7FB42EB530830058D8F7 /* Build configuration list for PBXNativeTarget "Class 1_4" */ = {
			isa = XCConfigurationList;
			buildConfigurations = (
				0E7F7FB52EB530830058D8F7 /* Debug */,
				0E7F7FB62EB530830058D8F7 /* Release */,
			);
			defaultConfigurationIsVisible = 0;
			defaultConfigurationName = Release;
		};
		0E7F7FB72EB530830058D8F7 /* Build configuration list for PBXNativeTarget "Class 1_4Tests" */ = {
			isa = XCConfigurationList;
			buildConfigurations = (
				0E7F7FB82EB530830058D8F7 /* Debug */,
				0E7F7FB92EB530830058D8F7 /* Release */,
			);
			defaultConfigurationIsVisible = 0;
			defaultConfigurationName = Release;
		};
		0E7F7FBA2EB530830058D8F7 /* Build configuration list for PBXNativeTarget "Class 1_4UITests" */ = {
			isa = XCConfigurationList;
			buildConfigurations = (
				0E7F7FBB2EB530830058D8F7 /* Debug */,
				0E7F7FBC2EB530830058D8F7 /* Release */,
			);
			defaultConfigurationIsVisible = 0;
			defaultConfigurationName = Release;
		};
/* End XCConfigurationList section */
	};
	rootObject = 0E7F7F882EB530810058D8F7 /* Project object */;
}
